
Microsoft Visual Studio Solution File, Format Version 12.00
# Visual Studio 15
VisualStudioVersion = 15.0.28307.1321
MinimumVisualStudioVersion = 10.0.40219.1
Project("{FAE04EC0-301F-11D3-BF4B-00C04F79EFBC}") = "ConsoleApp1", "ConsoleApp1\ConsoleApp1.csproj", "{F3A4BEF5-64F4-4BC5-9838-66D86D88C00D}"
EndProject
Global
	GlobalSection(SolutionConfigurationPlatforms) = preSolution
		Debug|Any CPU = Debug|Any CPU
		Release|Any CPU = Release|Any CPU
	EndGlobalSection
	GlobalSection(ProjectConfigurationPlatforms) = postSolution
		{F3A4BEF5-64F4-4BC5-9838-66D86D88C00D}.Debug|Any CPU.ActiveCfg = Debug|Any CPU
		{F3A4BEF5-64F4-4BC5-9838-66D86D88C00D}.Debug|Any CPU.Build.0 = Debug|Any CPU
		{F3A4BEF5-64F4-4BC5-9838-66D86D88C00D}.Release|Any CPU.ActiveCfg = Release|Any CPU
		{F3A4BEF5-64F4-4BC5-9838-66D86D88C00D}.Release|Any CPU.Build.0 = Release|Any CPU
	EndGlobalSection
	GlobalSection(SolutionProperties) = preSolution
		HideSolutionNode = FALSE
	EndGlobalSection
	GlobalSection(ExtensibilityGlobals) = postSolution
		SolutionGuid = {46930FDF-3B26-4E92-B325-36F90243FEA1}
	EndGlobalSection
EndGlobal
